# THIS IS AN AUTOGENERATED FILE. DO NOT EDIT THIS FILE DIRECTLY.
# yarn lockfile v1


"@sendbird/chat@^4.16.1":
  version "4.16.1"
  resolved "https://registry.yarnpkg.com/@sendbird/chat/-/chat-4.16.1.tgz#83bd2f8e29c1bf38b31eb22b08bba99036fffe93"
  integrity sha512-PK1vl7gznGvYHb98Pg1nnxmuoNc7y+j1YQvLtXvGUIFN9oDFJtTbzlHveNseCpx89gSTybskbBnm13l1taH0JQ==
