# THIS IS AN AUTOGENERATED FILE. DO NOT EDIT THIS FILE DIRECTLY.
# yarn lockfile v1


"@effect/platform@0.70.7":
  version "0.70.7"
  resolved "https://registry.yarnpkg.com/@effect/platform/-/platform-0.70.7.tgz#b770e648b86a82f0bcaaa1fd1aa2fbc5758c4d2f"
  integrity sha512-TbNwj/mOJhycPygbmicGBS7CNtv5Z8WVheRbLUdP3oPAe/nbSOJVLc8ZPvOejhquF/1vJMKuqY5MWfkcBpvi/g==
  dependencies:
    find-my-way-ts "^0.1.5"
    multipasta "^0.2.5"

"@standard-schema/spec@1.0.0-beta.3":
  version "1.0.0-beta.3"
  resolved "https://registry.yarnpkg.com/@standard-schema/spec/-/spec-1.0.0-beta.3.tgz#4dbf9a3c69e10fa2997e1ac1f39d8e9f33213576"
  integrity sha512-0ifF3BjA1E8SY9C+nUew8RefNOIq0cDlYALPty4rhUm8Rrl6tCM8hBT4bhGhx7I7iXD0uAgt50lgo8dD73ACMw==

"@uploadthing/mime-types@0.3.4":
  version "0.3.4"
  resolved "https://registry.yarnpkg.com/@uploadthing/mime-types/-/mime-types-0.3.4.tgz#2644ec4f3e8db781dc843fc30caaca8188356464"
  integrity sha512-EB0o0a4y++UJFMLqS8LDVhSQgXUllG6t5fwl5cbmOM0Uay8YY5Nc/JjFwzJ8wccdIKz4oYwQW7EOSfUyaMPbfw==

"@uploadthing/react@^7.1.5":
  version "7.1.5"
  resolved "https://registry.yarnpkg.com/@uploadthing/react/-/react-7.1.5.tgz#8ff452b0ec3799acaafbcc31a52732bae355cce7"
  integrity sha512-D0lP4YnUWw5LFHrLuL+sq26wlul9dGE70G+oOQ+qkM1ZqSeKSGvIdAIOAQUBj2qQi4Re7o0VpF3+3qBF3svN6A==
  dependencies:
    "@uploadthing/shared" "7.1.5"
    file-selector "0.6.0"

"@uploadthing/shared@7.1.5":
  version "7.1.5"
  resolved "https://registry.yarnpkg.com/@uploadthing/shared/-/shared-7.1.5.tgz#4dd59dd1860359d28e945f3bd19002bc540c3161"
  integrity sha512-5ePSiR2CPA5a8gfPqsHpE/uPwGG9iPqhxcFpeLGnEuExPqIi5ZY7upZgpc+6T1gMxwfbP0O5X4043TTNk3q/pA==
  dependencies:
    "@uploadthing/mime-types" "0.3.4"
    effect "3.11.5"
    sqids "^0.3.0"

effect@3.11.5:
  version "3.11.5"
  resolved "https://registry.yarnpkg.com/effect/-/effect-3.11.5.tgz#48ca458df10955ac2597828b960e3f0a178c2b2a"
  integrity sha512-oSzaR/S/2A/qDTnDqMWxQUNSjCG2sRLB4NEvTu+l9RqE122MTgKXOWzw0x4MHsdovRTzAihfkpgBj2aLFnH2+w==
  dependencies:
    fast-check "^3.21.0"

fast-check@^3.21.0:
  version "3.23.2"
  resolved "https://registry.yarnpkg.com/fast-check/-/fast-check-3.23.2.tgz#0129f1eb7e4f500f58e8290edc83c670e4a574a2"
  integrity sha512-h5+1OzzfCC3Ef7VbtKdcv7zsstUQwUDlYpUTvjeUsJAssPgLn7QzbboPtL5ro04Mq0rPOsMzl7q5hIbRs2wD1A==
  dependencies:
    pure-rand "^6.1.0"

file-selector@0.6.0:
  version "0.6.0"
  resolved "https://registry.yarnpkg.com/file-selector/-/file-selector-0.6.0.tgz#fa0a8d9007b829504db4d07dd4de0310b65287dc"
  integrity sha512-QlZ5yJC0VxHxQQsQhXvBaC7VRJ2uaxTf+Tfpu4Z/OcVQJVpZO+DGU0rkoVW5ce2SccxugvpBJoMvUs59iILYdw==
  dependencies:
    tslib "^2.4.0"

find-my-way-ts@^0.1.5:
  version "0.1.5"
  resolved "https://registry.yarnpkg.com/find-my-way-ts/-/find-my-way-ts-0.1.5.tgz#9de9494f19e0319d4f6366bb91d6bf7952af7874"
  integrity sha512-4GOTMrpGQVzsCH2ruUn2vmwzV/02zF4q+ybhCIrw/Rkt3L8KWcycdC6aJMctJzwN4fXD4SD5F/4B9Sksh5rE0A==

multipasta@^0.2.5:
  version "0.2.5"
  resolved "https://registry.yarnpkg.com/multipasta/-/multipasta-0.2.5.tgz#fb3564c4c619b73f98e72e2a4bbd4f7fba153edf"
  integrity sha512-c8eMDb1WwZcE02WVjHoOmUVk7fnKU/RmUcosHACglrWAuPQsEJv+E8430sXj6jNc1jHw0zrS16aCjQh4BcEb4A==

pure-rand@^6.1.0:
  version "6.1.0"
  resolved "https://registry.yarnpkg.com/pure-rand/-/pure-rand-6.1.0.tgz#d173cf23258231976ccbdb05247c9787957604f2"
  integrity sha512-bVWawvoZoBYpp6yIoQtQXHZjmz35RSVHnUOTefl8Vcjr8snTPY1wnpSPMWekcFwbxI6gtmT7rSYPFvz71ldiOA==

sqids@^0.3.0:
  version "0.3.0"
  resolved "https://registry.yarnpkg.com/sqids/-/sqids-0.3.0.tgz#969eabe54a362682e44cb73fce2bfea84e504dec"
  integrity sha512-lOQK1ucVg+W6n3FhRwwSeUijxe93b51Bfz5PMRMihVf1iVkl82ePQG7V5vwrhzB11v0NtsR25PSZRGiSomJaJw==

tslib@^2.4.0:
  version "2.8.1"
  resolved "https://registry.yarnpkg.com/tslib/-/tslib-2.8.1.tgz#612efe4ed235d567e8aba5f2a5fab70280ade83f"
  integrity sha512-oJFu94HQb+KVduSUQL7wnpmqnfmLsOA/nAh6b6EH0wCEoK0/mPeXU6c3wKDV83MkOuHPRHtSXKKU99IBazS/2w==

uploadthing@^7.4.4:
  version "7.4.4"
  resolved "https://registry.yarnpkg.com/uploadthing/-/uploadthing-7.4.4.tgz#3b06a483b86c99c25d2602ffbc1b18d155b1e53e"
  integrity sha512-dgV8LqaKrXSnpDkqzzLbVEmIubMPi8a5bRtIzM+rG5EbZpIZyOG0bByLxdSlkSbK5L6F+HbIGX5eDkLPFNL8dg==
  dependencies:
    "@effect/platform" "0.70.7"
    "@standard-schema/spec" "1.0.0-beta.3"
    "@uploadthing/mime-types" "0.3.4"
    "@uploadthing/shared" "7.1.5"
    effect "3.11.5"
